
Microsoft Visual Studio Solution File, Format Version 12.00
# Visual Studio Version 17
VisualStudioVersion = 17.3.32825.248
MinimumVisualStudioVersion = 10.0.40219.1
Project("{FAE04EC0-301F-11D3-BF4B-00C04F79EFBC}") = "Proj6", "Proj6.csproj", "{69F2C133-D1F8-4C8B-950A-D0E3B6C1956E}"
EndProject
Global
	GlobalSection(SolutionConfigurationPlatforms) = preSolution
		Debug|Any CPU = Debug|Any CPU
		Release|Any CPU = Release|Any CPU
	EndGlobalSection
	GlobalSection(ProjectConfigurationPlatforms) = postSolution
		{69F2C133-D1F8-4C8B-950A-D0E3B6C1956E}.Debug|Any CPU.ActiveCfg = Debug|Any CPU
		{69F2C133-D1F8-4C8B-950A-D0E3B6C1956E}.Debug|Any CPU.Build.0 = Debug|Any CPU
		{69F2C133-D1F8-4C8B-950A-D0E3B6C1956E}.Release|Any CPU.ActiveCfg = Release|Any CPU
		{69F2C133-D1F8-4C8B-950A-D0E3B6C1956E}.Release|Any CPU.Build.0 = Release|Any CPU
	EndGlobalSection
	GlobalSection(SolutionProperties) = preSolution
		HideSolutionNode = FALSE
	EndGlobalSection
	GlobalSection(ExtensibilityGlobals) = postSolution
		SolutionGuid = {6C520CF7-D914-4F35-8EE5-509B936842AA}
	EndGlobalSection
EndGlobal
